
Microsoft Visual Studio Solution File, Format Version 12.00
# Visual Studio Version 17
VisualStudioVersion = 17.0.31912.275
MinimumVisualStudioVersion = 10.0.40219.1
Project("{FAE04EC0-301F-11D3-BF4B-00C04F79EFBC}") = "FunnyMath", "FunnyMath\FunnyMath.csproj", "{7E6C5026-5599-47D6-A332-EBDA9A3A7705}"
EndProject
Global
	GlobalSection(SolutionConfigurationPlatforms) = preSolution
		Debug|Any CPU = Debug|Any CPU
		Release|Any CPU = Release|Any CPU
	EndGlobalSection
	GlobalSection(ProjectConfigurationPlatforms) = postSolution
		{7E6C5026-5599-47D6-A332-EBDA9A3A7705}.Debug|Any CPU.ActiveCfg = Debug|Any CPU
		{7E6C5026-5599-47D6-A332-EBDA9A3A7705}.Debug|Any CPU.Build.0 = Debug|Any CPU
		{7E6C5026-5599-47D6-A332-EBDA9A3A7705}.Release|Any CPU.ActiveCfg = Release|Any CPU
		{7E6C5026-5599-47D6-A332-EBDA9A3A7705}.Release|Any CPU.Build.0 = Release|Any CPU
	EndGlobalSection
	GlobalSection(SolutionProperties) = preSolution
		HideSolutionNode = FALSE
	EndGlobalSection
	GlobalSection(ExtensibilityGlobals) = postSolution
		SolutionGuid = {1EE2311A-B64A-4D2F-974A-A17846F2B900}
	EndGlobalSection
EndGlobal
